// !$*UTF8*$!
{
	archiveVersion = 1;
	classes = {
	};
	objectVersion = 46;
	objects = {

/* Begin PBXBuildFile section */
		0A70E8CD16C46FF5001108A1 /* PXEngine.framework in Frameworks */ = {isa = PBXBuildFile; fileRef = 0A70E8CC16C46FF5001108A1 /* PXEngine.framework */; };
		9C2A8E021636080600E6FCBE /* UIKit.framework in Frameworks */ = {isa = PBXBuildFile; fileRef = 9C2A8E011636080600E6FCBE /* UIKit.framework */; };
		9C2A8E041636080600E6FCBE /* Foundation.framework in Frameworks */ = {isa = PBXBuildFile; fileRef = 9C2A8E031636080600E6FCBE /* Foundation.framework */; };
		9C2A8E061636080600E6FCBE /* CoreGraphics.framework in Frameworks */ = {isa = PBXBuildFile; fileRef = 9C2A8E051636080600E6FCBE /* CoreGraphics.framework */; };
		9C2A8E0C1636080600E6FCBE /* InfoPlist.strings in Resources */ = {isa = PBXBuildFile; fileRef = 9C2A8E0A1636080600E6FCBE /* InfoPlist.strings */; };
		9C2A8E0E1636080600E6FCBE /* main.m in Sources */ = {isa = PBXBuildFile; fileRef = 9C2A8E0D1636080600E6FCBE /* main.m */; };
		9C2A8E121636080600E6FCBE /* PXAppDelegate.m in Sources */ = {isa = PBXBuildFile; fileRef = 9C2A8E111636080600E6FCBE /* PXAppDelegate.m */; };
		9C2A8E141636080600E6FCBE /* Default.png in Resources */ = {isa = PBXBuildFile; fileRef = 9C2A8E131636080600E6FCBE /* Default.png */; };
		9C2A8E161636080600E6FCBE /* Default@2x.png in Resources */ = {isa = PBXBuildFile; fileRef = 9C2A8E151636080600E6FCBE /* Default@2x.png */; };
		9C2A8E181636080600E6FCBE /* Default-568h@2x.png in Resources */ = {isa = PBXBuildFile; fileRef = 9C2A8E171636080600E6FCBE /* Default-568h@2x.png */; };
		9C2A8E24163608EE00E6FCBE /* PXButtonViewController.m in Sources */ = {isa = PBXBuildFile; fileRef = 9C2A8E23163608EE00E6FCBE /* PXButtonViewController.m */; };
		9C2A8E2A16360B0700E6FCBE /* default.css in Resources */ = {isa = PBXBuildFile; fileRef = 9C2A8E2916360B0700E6FCBE /* default.css */; };
/* End PBXBuildFile section */

/* Begin PBXFileReference section */
		0A70E8CC16C46FF5001108A1 /* PXEngine.framework */ = {isa = PBXFileReference; lastKnownFileType = wrapper.framework; name = PXEngine.framework; path = ../../Frameworks/PXEngine.framework; sourceTree = "<group>"; };
		9C2A8DFD1636080600E6FCBE /* PXCodeOnlyDemo.app */ = {isa = PBXFileReference; explicitFileType = wrapper.application; includeInIndex = 0; path = PXCodeOnlyDemo.app; sourceTree = BUILT_PRODUCTS_DIR; };
		9C2A8E011636080600E6FCBE /* UIKit.framework */ = {isa = PBXFileReference; lastKnownFileType = wrapper.framework; name = UIKit.framework; path = System/Library/Frameworks/UIKit.framework; sourceTree = SDKROOT; };
		9C2A8E031636080600E6FCBE /* Foundation.framework */ = {isa = PBXFileReference; lastKnownFileType = wrapper.framework; name = Foundation.framework; path = System/Library/Frameworks/Foundation.framework; sourceTree = SDKROOT; };
		9C2A8E051636080600E6FCBE /* CoreGraphics.framework */ = {isa = PBXFileReference; lastKnownFileType = wrapper.framework; name = CoreGraphics.framework; path = System/Library/Frameworks/CoreGraphics.framework; sourceTree = SDKROOT; };
		9C2A8E091636080600E6FCBE /* PXCodeOnlyDemo-Info.plist */ = {isa = PBXFileReference; lastKnownFileType = text.plist.xml; path = "PXCodeOnlyDemo-Info.plist"; sourceTree = "<group>"; };
		9C2A8E0B1636080600E6FCBE /* en */ = {isa = PBXFileReference; lastKnownFileType = text.plist.strings; name = en; path = en.lproj/InfoPlist.strings; sourceTree = "<group>"; };
		9C2A8E0D1636080600E6FCBE /* main.m */ = {isa = PBXFileReference; lastKnownFileType = sourcecode.c.objc; path = main.m; sourceTree = "<group>"; };
		9C2A8E0F1636080600E6FCBE /* PXCodeOnlyDemo-Prefix.pch */ = {isa = PBXFileReference; lastKnownFileType = sourcecode.c.h; path = "PXCodeOnlyDemo-Prefix.pch"; sourceTree = "<group>"; };
		9C2A8E101636080600E6FCBE /* PXAppDelegate.h */ = {isa = PBXFileReference; lastKnownFileType = sourcecode.c.h; path = PXAppDelegate.h; sourceTree = "<group>"; };
		9C2A8E111636080600E6FCBE /* PXAppDelegate.m */ = {isa = PBXFileReference; lastKnownFileType = sourcecode.c.objc; path = PXAppDelegate.m; sourceTree = "<group>"; };
		9C2A8E131636080600E6FCBE /* Default.png */ = {isa = PBXFileReference; lastKnownFileType = image.png; path = Default.png; sourceTree = "<group>"; };
		9C2A8E151636080600E6FCBE /* Default@2x.png */ = {isa = PBXFileReference; lastKnownFileType = image.png; path = "Default@2x.png"; sourceTree = "<group>"; };
		9C2A8E171636080600E6FCBE /* Default-568h@2x.png */ = {isa = PBXFileReference; lastKnownFileType = image.png; path = "Default-568h@2x.png"; sourceTree = "<group>"; };
		9C2A8E22163608EE00E6FCBE /* PXButtonViewController.h */ = {isa = PBXFileReference; fileEncoding = 4; lastKnownFileType = sourcecode.c.h; path = PXButtonViewController.h; sourceTree = "<group>"; };
		9C2A8E23163608EE00E6FCBE /* PXButtonViewController.m */ = {isa = PBXFileReference; fileEncoding = 4; lastKnownFileType = sourcecode.c.objc; path = PXButtonViewController.m; sourceTree = "<group>"; };
		9C2A8E2916360B0700E6FCBE /* default.css */ = {isa = PBXFileReference; fileEncoding = 4; lastKnownFileType = text.css; path = default.css; sourceTree = "<group>"; xcLanguageSpecificationIdentifier = xcode.lang.css; };
/* End PBXFileReference section */

/* Begin PBXFrameworksBuildPhase section */
		9C2A8DFA1636080600E6FCBE /* Frameworks */ = {
			isa = PBXFrameworksBuildPhase;
			buildActionMask = 2147483647;
			files = (
				0A70E8CD16C46FF5001108A1 /* PXEngine.framework in Frameworks */,
				9C2A8E021636080600E6FCBE /* UIKit.framework in Frameworks */,
				9C2A8E041636080600E6FCBE /* Foundation.framework in Frameworks */,
				9C2A8E061636080600E6FCBE /* CoreGraphics.framework in Frameworks */,
			);
			runOnlyForDeploymentPostprocessing = 0;
		};
/* End PBXFrameworksBuildPhase section */

/* Begin PBXGroup section */
		9C2A8DF21636080600E6FCBE = {
			isa = PBXGroup;
			children = (
				9C2A8E071636080600E6FCBE /* PXCodeOnlyDemo */,
				9C2A8E001636080600E6FCBE /* Frameworks */,
				9C2A8DFE1636080600E6FCBE /* Products */,
			);
			sourceTree = "<group>";
		};
		9C2A8DFE1636080600E6FCBE /* Products */ = {
			isa = PBXGroup;
			children = (
				9C2A8DFD1636080600E6FCBE /* PXCodeOnlyDemo.app */,
			);
			name = Products;
			sourceTree = "<group>";
		};
		9C2A8E001636080600E6FCBE /* Frameworks */ = {
			isa = PBXGroup;
			children = (
				0A70E8CC16C46FF5001108A1 /* PXEngine.framework */,
				9C2A8E011636080600E6FCBE /* UIKit.framework */,
				9C2A8E031636080600E6FCBE /* Foundation.framework */,
				9C2A8E051636080600E6FCBE /* CoreGraphics.framework */,
			);
			name = Frameworks;
			sourceTree = "<group>";
		};
		9C2A8E071636080600E6FCBE /* PXCodeOnlyDemo */ = {
			isa = PBXGroup;
			children = (
				9C2A8E2916360B0700E6FCBE /* default.css */,
				9C2A8E101636080600E6FCBE /* PXAppDelegate.h */,
				9C2A8E111636080600E6FCBE /* PXAppDelegate.m */,
				9C2A8E22163608EE00E6FCBE /* PXButtonViewController.h */,
				9C2A8E23163608EE00E6FCBE /* PXButtonViewController.m */,
				9C2A8E081636080600E6FCBE /* Supporting Files */,
			);
			path = PXCodeOnlyDemo;
			sourceTree = "<group>";
		};
		9C2A8E081636080600E6FCBE /* Supporting Files */ = {
			isa = PBXGroup;
			children = (
				9C2A8E091636080600E6FCBE /* PXCodeOnlyDemo-Info.plist */,
				9C2A8E0A1636080600E6FCBE /* InfoPlist.strings */,
				9C2A8E0D1636080600E6FCBE /* main.m */,
				9C2A8E0F1636080600E6FCBE /* PXCodeOnlyDemo-Prefix.pch */,
				9C2A8E131636080600E6FCBE /* Default.png */,
				9C2A8E151636080600E6FCBE /* Default@2x.png */,
				9C2A8E171636080600E6FCBE /* Default-568h@2x.png */,
			);
			name = "Supporting Files";
			sourceTree = "<group>";
		};
/* End PBXGroup section */

/* Begin PBXNativeTarget section */
		9C2A8DFC1636080600E6FCBE /* PXCodeOnlyDemo */ = {
			isa = PBXNativeTarget;
			buildConfigurationList = 9C2A8E1B1636080600E6FCBE /* Build configuration list for PBXNativeTarget "PXCodeOnlyDemo" */;
			buildPhases = (
				9C2A8DF91636080600E6FCBE /* Sources */,
				9C2A8DFA1636080600E6FCBE /* Frameworks */,
				9C2A8DFB1636080600E6FCBE /* Resources */,
			);
			buildRules = (
			);
			dependencies = (
			);
			name = PXCodeOnlyDemo;
			productName = PXCodeOnlyDemo;
			productReference = 9C2A8DFD1636080600E6FCBE /* PXCodeOnlyDemo.app */;
			productType = "com.apple.product-type.application";
		};
/* End PBXNativeTarget section */

/* Begin PBXProject section */
		9C2A8DF41636080600E6FCBE /* Project object */ = {
			isa = PBXProject;
			attributes = {
				CLASSPREFIX = PX;
				LastUpgradeCheck = 0450;
				ORGANIZATIONNAME = "Pixate, Inc.";
			};
			buildConfigurationList = 9C2A8DF71636080600E6FCBE /* Build configuration list for PBXProject "PXCodeOnlyDemo" */;
			compatibilityVersion = "Xcode 3.2";
			developmentRegion = English;
			hasScannedForEncodings = 0;
			knownRegions = (
				en,
			);
			mainGroup = 9C2A8DF21636080600E6FCBE;
			productRefGroup = 9C2A8DFE1636080600E6FCBE /* Products */;
			projectDirPath = "";
			projectRoot = "";
			targets = (
				9C2A8DFC1636080600E6FCBE /* PXCodeOnlyDemo */,
			);
		};
/* End PBXProject section */

/* Begin PBXResourcesBuildPhase section */
		9C2A8DFB1636080600E6FCBE /* Resources */ = {
			isa = PBXResourcesBuildPhase;
			buildActionMask = 2147483647;
			files = (
				9C2A8E0C1636080600E6FCBE /* InfoPlist.strings in Resources */,
				9C2A8E141636080600E6FCBE /* Default.png in Resources */,
				9C2A8E161636080600E6FCBE /* Default@2x.png in Resources */,
				9C2A8E181636080600E6FCBE /* Default-568h@2x.png in Resources */,
				9C2A8E2A16360B0700E6FCBE /* default.css in Resources */,
			);
			runOnlyForDeploymentPostprocessing = 0;
		};
/* End PBXResourcesBuildPhase section */

/* Begin PBXSourcesBuildPhase section */
		9C2A8DF91636080600E6FCBE /* Sources */ = {
			isa = PBXSourcesBuildPhase;
			buildActionMask = 2147483647;
			files = (
				9C2A8E0E1636080600E6FCBE /* main.m in Sources */,
				9C2A8E121636080600E6FCBE /* PXAppDelegate.m in Sources */,
				9C2A8E24163608EE00E6FCBE /* PXButtonViewController.m in Sources */,
			);
			runOnlyForDeploymentPostprocessing = 0;
		};
/* End PBXSourcesBuildPhase section */

/* Begin PBXVariantGroup section */
		9C2A8E0A1636080600E6FCBE /* InfoPlist.strings */ = {
			isa = PBXVariantGroup;
			children = (
				9C2A8E0B1636080600E6FCBE /* en */,
			);
			name = InfoPlist.strings;
			sourceTree = "<group>";
		};
/* End PBXVariantGroup section */

/* Begin XCBuildConfiguration section */
		9C2A8E191636080600E6FCBE /* Debug */ = {
			isa = XCBuildConfiguration;
			buildSettings = {
				ALWAYS_SEARCH_USER_PATHS = NO;
				CLANG_CXX_LANGUAGE_STANDARD = "gnu++0x";
				CLANG_CXX_LIBRARY = "libc++";
				CLANG_ENABLE_OBJC_ARC = YES;
				CLANG_WARN_EMPTY_BODY = YES;
				CLANG_WARN__DUPLICATE_METHOD_MATCH = YES;
				"CODE_SIGN_IDENTITY[sdk=iphoneos*]" = "iPhone Developer";
				COPY_PHASE_STRIP = NO;
				GCC_C_LANGUAGE_STANDARD = gnu99;
				GCC_DYNAMIC_NO_PIC = NO;
				GCC_OPTIMIZATION_LEVEL = 0;
				GCC_PREPROCESSOR_DEFINITIONS = (
					"DEBUG=1",
					"$(inherited)",
				);
				GCC_SYMBOLS_PRIVATE_EXTERN = NO;
				GCC_WARN_ABOUT_RETURN_TYPE = YES;
				GCC_WARN_UNINITIALIZED_AUTOS = YES;
				GCC_WARN_UNUSED_VARIABLE = YES;
				IPHONEOS_DEPLOYMENT_TARGET = 6.0;
				ONLY_ACTIVE_ARCH = YES;
				SDKROOT = iphoneos;
			};
			name = Debug;
		};
		9C2A8E1A1636080600E6FCBE /* Release */ = {
			isa = XCBuildConfiguration;
			buildSettings = {
				ALWAYS_SEARCH_USER_PATHS = NO;
				CLANG_CXX_LANGUAGE_STANDARD = "gnu++0x";
				CLANG_CXX_LIBRARY = "libc++";
				CLANG_ENABLE_OBJC_ARC = YES;
				CLANG_WARN_EMPTY_BODY = YES;
				CLANG_WARN__DUPLICATE_METHOD_MATCH = YES;
				"CODE_SIGN_IDENTITY[sdk=iphoneos*]" = "iPhone Developer";
				COPY_PHASE_STRIP = YES;
				GCC_C_LANGUAGE_STANDARD = gnu99;
				GCC_WARN_ABOUT_RETURN_TYPE = YES;
				GCC_WARN_UNINITIALIZED_AUTOS = YES;
				GCC_WARN_UNUSED_VARIABLE = YES;
				IPHONEOS_DEPLOYMENT_TARGET = 6.0;
				OTHER_CFLAGS = "-DNS_BLOCK_ASSERTIONS=1";
				SDKROOT = iphoneos;
				VALIDATE_PRODUCT = YES;
			};
			name = Release;
		};
		9C2A8E1C1636080600E6FCBE /* Debug */ = {
			isa = XCBuildConfiguration;
			buildSettings = {
				FRAMEWORK_SEARCH_PATHS = (
					"$(inherited)",
					"\"$(SRCROOT)/../../Framework\"",
				);
				GCC_PRECOMPILE_PREFIX_HEADER = YES;
				GCC_PREFIX_HEADER = "PXCodeOnlyDemo/PXCodeOnlyDemo-Prefix.pch";
				INFOPLIST_FILE = "PXCodeOnlyDemo/PXCodeOnlyDemo-Info.plist";
				IPHONEOS_DEPLOYMENT_TARGET = 5.1;
				OTHER_LDFLAGS = "-ObjC";
				PRODUCT_NAME = "$(TARGET_NAME)";
				WRAPPER_EXTENSION = app;
			};
			name = Debug;
		};
		9C2A8E1D1636080600E6FCBE /* Release */ = {
			isa = XCBuildConfiguration;
			buildSettings = {
				FRAMEWORK_SEARCH_PATHS = (
					"$(inherited)",
					"\"$(SRCROOT)/../../Framework\"",
				);
				GCC_PRECOMPILE_PREFIX_HEADER = YES;
				GCC_PREFIX_HEADER = "PXCodeOnlyDemo/PXCodeOnlyDemo-Prefix.pch";
				INFOPLIST_FILE = "PXCodeOnlyDemo/PXCodeOnlyDemo-Info.plist";
				IPHONEOS_DEPLOYMENT_TARGET = 5.1;
				OTHER_LDFLAGS = "-ObjC";
				PRODUCT_NAME = "$(TARGET_NAME)";
				WRAPPER_EXTENSION = app;
			};
			name = Release;
		};
/* End XCBuildConfiguration section */

/* Begin XCConfigurationList section */
		9C2A8DF71636080600E6FCBE /* Build configuration list for PBXProject "PXCodeOnlyDemo" */ = {
			isa = XCConfigurationList;
			buildConfigurations = (
				9C2A8E191636080600E6FCBE /* Debug */,
				9C2A8E1A1636080600E6FCBE /* Release */,
			);
			defaultConfigurationIsVisible = 0;
			defaultConfigurationName = Release;
		};
		9C2A8E1B1636080600E6FCBE /* Build configuration list for PBXNativeTarget "PXCodeOnlyDemo" */ = {
			isa = XCConfigurationList;
			buildConfigurations = (
				9C2A8E1C1636080600E6FCBE /* Debug */,
				9C2A8E1D1636080600E6FCBE /* Release */,
			);
			defaultConfigurationIsVisible = 0;
			defaultConfigurationName = Release;
		};
/* End XCConfigurationList section */
	};
	rootObject = 9C2A8DF41636080600E6FCBE /* Project object */;
}
